
Microsoft Visual Studio Solution File, Format Version 12.00
# Visual Studio Version 17
VisualStudioVersion = 17.8.34309.116
MinimumVisualStudioVersion = 10.0.40219.1
Project("{FAE04EC0-301F-11D3-BF4B-00C04F79EFBC}") = "SonarCloudIssuesShowcase", "SonarCloudIssuesShowcase\SonarCloudIssuesShowcase.csproj", "{4A67D619-041C-476C-9E1E-9E33EA103664}"
EndProject
Global
	GlobalSection(SolutionConfigurationPlatforms) = preSolution
		Debug|Any CPU = Debug|Any CPU
		Release|Any CPU = Release|Any CPU
	EndGlobalSection
	GlobalSection(ProjectConfigurationPlatforms) = postSolution
		{4A67D619-041C-476C-9E1E-9E33EA103664}.Debug|Any CPU.ActiveCfg = Debug|Any CPU
		{4A67D619-041C-476C-9E1E-9E33EA103664}.Debug|Any CPU.Build.0 = Debug|Any CPU
		{4A67D619-041C-476C-9E1E-9E33EA103664}.Release|Any CPU.ActiveCfg = Release|Any CPU
		{4A67D619-041C-476C-9E1E-9E33EA103664}.Release|Any CPU.Build.0 = Release|Any CPU
	EndGlobalSection
	GlobalSection(SolutionProperties) = preSolution
		HideSolutionNode = FALSE
	EndGlobalSection
	GlobalSection(ExtensibilityGlobals) = postSolution
		SolutionGuid = {333840BC-B89D-4EDE-9E65-D44658E1B02A}
	EndGlobalSection
EndGlobal
